
Microsoft Visual Studio Solution File, Format Version 12.00
# Visual Studio Version 17
VisualStudioVersion = 17.14.36717.8
MinimumVisualStudioVersion = 10.0.40219.1
Project("{2150E333-8FDC-42A3-9474-1A3956D46DE8}") = "Services", "Services", "{02EA681E-C7D8-13C7-8484-4AC65E1B71E8}"
EndProject
Project("{2150E333-8FDC-42A3-9474-1A3956D46DE8}") = "Catalog", "Catalog", "{4A7E6C9E-913E-4D15-B991-22782237405F}"
EndProject
Project("{FAE04EC0-301F-11D3-BF4B-00C04F79EFBC}") = "Udemy.Catalog", "Services\Catalog\Udemy.Catalog\Udemy.Catalog.csproj", "{EF19124C-9720-48C4-9CE5-320E37A3713F}"
EndProject
Project("{2150E333-8FDC-42A3-9474-1A3956D46DE8}") = "Discount", "Discount", "{1AC187B0-FF17-4525-9B4F-29FA35D34F8C}"
EndProject
Project("{FAE04EC0-301F-11D3-BF4B-00C04F79EFBC}") = "Udemy.Discount", "Udemy.Discount\Udemy.Discount.csproj", "{E4537DD1-28B0-440C-9A87-47F82FF3DB29}"
EndProject
Project("{2150E333-8FDC-42A3-9474-1A3956D46DE8}") = "Order", "Order", "{481E2C90-11FD-4663-B7E5-0DD4BA6E0215}"
EndProject
Project("{2150E333-8FDC-42A3-9474-1A3956D46DE8}") = "Core", "Core", "{7B9A3A9F-212F-47DF-8E1A-CCA11C5CB19A}"
EndProject
Project("{2150E333-8FDC-42A3-9474-1A3956D46DE8}") = "Infrastructure", "Infrastructure", "{00E8F7B5-C753-4EE4-BDF4-1BA7FBBF07C7}"
EndProject
Project("{2150E333-8FDC-42A3-9474-1A3956D46DE8}") = "Presentaiton", "Presentaiton", "{4519F8E9-AB1A-4318-8193-A065A2BFF447}"
EndProject
Project("{FAE04EC0-301F-11D3-BF4B-00C04F79EFBC}") = "Udemy.Order.Domain", "Udemy.Order.Domain\Udemy.Order.Domain.csproj", "{E874F8B3-4A4B-4EA5-8CA7-2066D9AA6900}"
EndProject
Project("{FAE04EC0-301F-11D3-BF4B-00C04F79EFBC}") = "Udemy.Order.Application", "Udemy.Order.Application\Udemy.Order.Application.csproj", "{6B79407B-D05F-49EB-8AA8-5BA1A5AD273C}"
EndProject
Project("{FAE04EC0-301F-11D3-BF4B-00C04F79EFBC}") = "Udemy.Order.Persistence", "Udemy.Order.Persistence\Udemy.Order.Persistence.csproj", "{C0671D57-7D85-4FB4-9D70-21DB8FE8A81A}"
EndProject
Project("{FAE04EC0-301F-11D3-BF4B-00C04F79EFBC}") = "Udemy.Order.WebApi", "Udemy.Order.WebApi\Udemy.Order.WebApi.csproj", "{01B3A561-8380-4ABD-BA6F-26ECFE69E493}"
EndProject
Project("{2150E333-8FDC-42A3-9474-1A3956D46DE8}") = "IdentityServer", "IdentityServer", "{72CD3EF5-4051-45B9-B788-A1244B47D6AB}"
EndProject
Project("{FAE04EC0-301F-11D3-BF4B-00C04F79EFBC}") = "Udemy.IdentityServer", "IdentityServer\Udemy.IdentityServer\Udemy.IdentityServer.csproj", "{CCEA816F-3D08-C147-CA33-E221DF10E774}"
EndProject
Project("{2150E333-8FDC-42A3-9474-1A3956D46DE8}") = "Requirments", "Requirments", "{A0C16427-EECD-49CD-A995-C00F96E9A16A}"
	ProjectSection(SolutionItems) = preProject
		IdentityServerVersionErrorSolution.txt = IdentityServerVersionErrorSolution.txt
		PortNumbers.txt = PortNumbers.txt
	EndProjectSection
EndProject
Project("{2150E333-8FDC-42A3-9474-1A3956D46DE8}") = "Cargo", "Cargo", "{A0EAD6B3-639F-4301-8A74-E9B1EFF82CFE}"
EndProject
Project("{FAE04EC0-301F-11D3-BF4B-00C04F79EFBC}") = "Udemy.Cargo.EntityLayer", "Udemy.Cargo.EntityLayer\Udemy.Cargo.EntityLayer.csproj", "{FAAB147D-CF8C-4263-8072-9B6169870830}"
EndProject
Project("{FAE04EC0-301F-11D3-BF4B-00C04F79EFBC}") = "Udemy.Cargo.BusinessLayer", "Udemy.Cargo.BusinessLayer\Udemy.Cargo.BusinessLayer.csproj", "{86507F2C-A586-459A-808E-1772279198B3}"
EndProject
Project("{FAE04EC0-301F-11D3-BF4B-00C04F79EFBC}") = "Udemy.Cargo.DataAccessLayer", "Udemy.Cargo.DataAccessLayer\Udemy.Cargo.DataAccessLayer.csproj", "{668BA91D-BD86-4DF2-9FAD-5D2F836086DA}"
EndProject
Project("{FAE04EC0-301F-11D3-BF4B-00C04F79EFBC}") = "Udemy.Cargo.DtoLayer", "Udemy.Cargo.DtoLayer\Udemy.Cargo.DtoLayer.csproj", "{3F5435A0-5618-452B-BA5F-66462D2A093F}"
EndProject
Project("{FAE04EC0-301F-11D3-BF4B-00C04F79EFBC}") = "Udemy.Cargo.Web.Api", "Udemy.Cargo.Web.Api\Udemy.Cargo.Web.Api.csproj", "{67BD91DA-6A5C-44D2-8073-08271CD680DE}"
EndProject
Project("{2150E333-8FDC-42A3-9474-1A3956D46DE8}") = "Basket", "Basket", "{A6D02B8D-6545-4187-944F-F9B581A6764F}"
EndProject
Project("{FAE04EC0-301F-11D3-BF4B-00C04F79EFBC}") = "Udemy.Basket", "Udemy.Basket\Udemy.Basket.csproj", "{00AB565E-3B67-4706-A50C-C828BF45B9A6}"
EndProject
Project("{2150E333-8FDC-42A3-9474-1A3956D46DE8}") = "FrontEnds", "FrontEnds", "{1A4AA39C-69DD-4B99-BE3E-285A57A9F74A}"
EndProject
Project("{FAE04EC0-301F-11D3-BF4B-00C04F79EFBC}") = "Udemy.WebUI", "Udemy.WebUI\Udemy.WebUI.csproj", "{40E48A5F-7FD1-43AA-B59E-44D4428A075E}"
EndProject
Project("{FAE04EC0-301F-11D3-BF4B-00C04F79EFBC}") = "Udemy.DtoLayer", "Udemy.DtoLayer\Udemy.DtoLayer.csproj", "{661DE839-7A55-4D99-8F07-2CEC8D7E2C46}"
EndProject
Project("{2150E333-8FDC-42A3-9474-1A3956D46DE8}") = "Comment", "Comment", "{928963B0-686A-4D0A-BD00-18BD5A55CBD8}"
EndProject
Project("{FAE04EC0-301F-11D3-BF4B-00C04F79EFBC}") = "Udemy.Comment", "Udemy.Comment\Udemy.Comment.csproj", "{B18F0C9B-6384-4766-B191-43C3A1DC3903}"
EndProject
Global
	GlobalSection(SolutionConfigurationPlatforms) = preSolution
		Debug|Any CPU = Debug|Any CPU
		Release|Any CPU = Release|Any CPU
	EndGlobalSection
	GlobalSection(ProjectConfigurationPlatforms) = postSolution
		{EF19124C-9720-48C4-9CE5-320E37A3713F}.Debug|Any CPU.ActiveCfg = Debug|Any CPU
		{EF19124C-9720-48C4-9CE5-320E37A3713F}.Debug|Any CPU.Build.0 = Debug|Any CPU
		{EF19124C-9720-48C4-9CE5-320E37A3713F}.Release|Any CPU.ActiveCfg = Release|Any CPU
		{EF19124C-9720-48C4-9CE5-320E37A3713F}.Release|Any CPU.Build.0 = Release|Any CPU
		{E4537DD1-28B0-440C-9A87-47F82FF3DB29}.Debug|Any CPU.ActiveCfg = Debug|Any CPU
		{E4537DD1-28B0-440C-9A87-47F82FF3DB29}.Debug|Any CPU.Build.0 = Debug|Any CPU
		{E4537DD1-28B0-440C-9A87-47F82FF3DB29}.Release|Any CPU.ActiveCfg = Release|Any CPU
		{E4537DD1-28B0-440C-9A87-47F82FF3DB29}.Release|Any CPU.Build.0 = Release|Any CPU
		{E874F8B3-4A4B-4EA5-8CA7-2066D9AA6900}.Debug|Any CPU.ActiveCfg = Debug|Any CPU
		{E874F8B3-4A4B-4EA5-8CA7-2066D9AA6900}.Debug|Any CPU.Build.0 = Debug|Any CPU
		{E874F8B3-4A4B-4EA5-8CA7-2066D9AA6900}.Release|Any CPU.ActiveCfg = Release|Any CPU
		{E874F8B3-4A4B-4EA5-8CA7-2066D9AA6900}.Release|Any CPU.Build.0 = Release|Any CPU
		{6B79407B-D05F-49EB-8AA8-5BA1A5AD273C}.Debug|Any CPU.ActiveCfg = Debug|Any CPU
		{6B79407B-D05F-49EB-8AA8-5BA1A5AD273C}.Debug|Any CPU.Build.0 = Debug|Any CPU
		{6B79407B-D05F-49EB-8AA8-5BA1A5AD273C}.Release|Any CPU.ActiveCfg = Release|Any CPU
		{6B79407B-D05F-49EB-8AA8-5BA1A5AD273C}.Release|Any CPU.Build.0 = Release|Any CPU
		{C0671D57-7D85-4FB4-9D70-21DB8FE8A81A}.Debug|Any CPU.ActiveCfg = Debug|Any CPU
		{C0671D57-7D85-4FB4-9D70-21DB8FE8A81A}.Debug|Any CPU.Build.0 = Debug|Any CPU
		{C0671D57-7D85-4FB4-9D70-21DB8FE8A81A}.Release|Any CPU.ActiveCfg = Release|Any CPU
		{C0671D57-7D85-4FB4-9D70-21DB8FE8A81A}.Release|Any CPU.Build.0 = Release|Any CPU
		{01B3A561-8380-4ABD-BA6F-26ECFE69E493}.Debug|Any CPU.ActiveCfg = Debug|Any CPU
		{01B3A561-8380-4ABD-BA6F-26ECFE69E493}.Debug|Any CPU.Build.0 = Debug|Any CPU
		{01B3A561-8380-4ABD-BA6F-26ECFE69E493}.Release|Any CPU.ActiveCfg = Release|Any CPU
		{01B3A561-8380-4ABD-BA6F-26ECFE69E493}.Release|Any CPU.Build.0 = Release|Any CPU
		{CCEA816F-3D08-C147-CA33-E221DF10E774}.Debug|Any CPU.ActiveCfg = Debug|Any CPU
		{CCEA816F-3D08-C147-CA33-E221DF10E774}.Debug|Any CPU.Build.0 = Debug|Any CPU
		{CCEA816F-3D08-C147-CA33-E221DF10E774}.Release|Any CPU.ActiveCfg = Release|Any CPU
		{CCEA816F-3D08-C147-CA33-E221DF10E774}.Release|Any CPU.Build.0 = Release|Any CPU
		{FAAB147D-CF8C-4263-8072-9B6169870830}.Debug|Any CPU.ActiveCfg = Debug|Any CPU
		{FAAB147D-CF8C-4263-8072-9B6169870830}.Debug|Any CPU.Build.0 = Debug|Any CPU
		{FAAB147D-CF8C-4263-8072-9B6169870830}.Release|Any CPU.ActiveCfg = Release|Any CPU
		{FAAB147D-CF8C-4263-8072-9B6169870830}.Release|Any CPU.Build.0 = Release|Any CPU
		{86507F2C-A586-459A-808E-1772279198B3}.Debug|Any CPU.ActiveCfg = Debug|Any CPU
		{86507F2C-A586-459A-808E-1772279198B3}.Debug|Any CPU.Build.0 = Debug|Any CPU
		{86507F2C-A586-459A-808E-1772279198B3}.Release|Any CPU.ActiveCfg = Release|Any CPU
		{86507F2C-A586-459A-808E-1772279198B3}.Release|Any CPU.Build.0 = Release|Any CPU
		{668BA91D-BD86-4DF2-9FAD-5D2F836086DA}.Debug|Any CPU.ActiveCfg = Debug|Any CPU
		{668BA91D-BD86-4DF2-9FAD-5D2F836086DA}.Debug|Any CPU.Build.0 = Debug|Any CPU
		{668BA91D-BD86-4DF2-9FAD-5D2F836086DA}.Release|Any CPU.ActiveCfg = Release|Any CPU
		{668BA91D-BD86-4DF2-9FAD-5D2F836086DA}.Release|Any CPU.Build.0 = Release|Any CPU
		{3F5435A0-5618-452B-BA5F-66462D2A093F}.Debug|Any CPU.ActiveCfg = Debug|Any CPU
		{3F5435A0-5618-452B-BA5F-66462D2A093F}.Debug|Any CPU.Build.0 = Debug|Any CPU
		{3F5435A0-5618-452B-BA5F-66462D2A093F}.Release|Any CPU.ActiveCfg = Release|Any CPU
		{3F5435A0-5618-452B-BA5F-66462D2A093F}.Release|Any CPU.Build.0 = Release|Any CPU
		{67BD91DA-6A5C-44D2-8073-08271CD680DE}.Debug|Any CPU.ActiveCfg = Debug|Any CPU
		{67BD91DA-6A5C-44D2-8073-08271CD680DE}.Debug|Any CPU.Build.0 = Debug|Any CPU
		{67BD91DA-6A5C-44D2-8073-08271CD680DE}.Release|Any CPU.ActiveCfg = Release|Any CPU
		{67BD91DA-6A5C-44D2-8073-08271CD680DE}.Release|Any CPU.Build.0 = Release|Any CPU
		{00AB565E-3B67-4706-A50C-C828BF45B9A6}.Debug|Any CPU.ActiveCfg = Debug|Any CPU
		{00AB565E-3B67-4706-A50C-C828BF45B9A6}.Debug|Any CPU.Build.0 = Debug|Any CPU
		{00AB565E-3B67-4706-A50C-C828BF45B9A6}.Release|Any CPU.ActiveCfg = Release|Any CPU
		{00AB565E-3B67-4706-A50C-C828BF45B9A6}.Release|Any CPU.Build.0 = Release|Any CPU
		{40E48A5F-7FD1-43AA-B59E-44D4428A075E}.Debug|Any CPU.ActiveCfg = Debug|Any CPU
		{40E48A5F-7FD1-43AA-B59E-44D4428A075E}.Debug|Any CPU.Build.0 = Debug|Any CPU
		{40E48A5F-7FD1-43AA-B59E-44D4428A075E}.Release|Any CPU.ActiveCfg = Release|Any CPU
		{40E48A5F-7FD1-43AA-B59E-44D4428A075E}.Release|Any CPU.Build.0 = Release|Any CPU
		{661DE839-7A55-4D99-8F07-2CEC8D7E2C46}.Debug|Any CPU.ActiveCfg = Debug|Any CPU
		{661DE839-7A55-4D99-8F07-2CEC8D7E2C46}.Debug|Any CPU.Build.0 = Debug|Any CPU
		{661DE839-7A55-4D99-8F07-2CEC8D7E2C46}.Release|Any CPU.ActiveCfg = Release|Any CPU
		{661DE839-7A55-4D99-8F07-2CEC8D7E2C46}.Release|Any CPU.Build.0 = Release|Any CPU
		{B18F0C9B-6384-4766-B191-43C3A1DC3903}.Debug|Any CPU.ActiveCfg = Debug|Any CPU
		{B18F0C9B-6384-4766-B191-43C3A1DC3903}.Debug|Any CPU.Build.0 = Debug|Any CPU
		{B18F0C9B-6384-4766-B191-43C3A1DC3903}.Release|Any CPU.ActiveCfg = Release|Any CPU
		{B18F0C9B-6384-4766-B191-43C3A1DC3903}.Release|Any CPU.Build.0 = Release|Any CPU
	EndGlobalSection
	GlobalSection(SolutionProperties) = preSolution
		HideSolutionNode = FALSE
	EndGlobalSection
	GlobalSection(NestedProjects) = preSolution
		{4A7E6C9E-913E-4D15-B991-22782237405F} = {02EA681E-C7D8-13C7-8484-4AC65E1B71E8}
		{EF19124C-9720-48C4-9CE5-320E37A3713F} = {4A7E6C9E-913E-4D15-B991-22782237405F}
		{1AC187B0-FF17-4525-9B4F-29FA35D34F8C} = {02EA681E-C7D8-13C7-8484-4AC65E1B71E8}
		{E4537DD1-28B0-440C-9A87-47F82FF3DB29} = {1AC187B0-FF17-4525-9B4F-29FA35D34F8C}
		{481E2C90-11FD-4663-B7E5-0DD4BA6E0215} = {02EA681E-C7D8-13C7-8484-4AC65E1B71E8}
		{7B9A3A9F-212F-47DF-8E1A-CCA11C5CB19A} = {481E2C90-11FD-4663-B7E5-0DD4BA6E0215}
		{00E8F7B5-C753-4EE4-BDF4-1BA7FBBF07C7} = {481E2C90-11FD-4663-B7E5-0DD4BA6E0215}
		{4519F8E9-AB1A-4318-8193-A065A2BFF447} = {481E2C90-11FD-4663-B7E5-0DD4BA6E0215}
		{E874F8B3-4A4B-4EA5-8CA7-2066D9AA6900} = {7B9A3A9F-212F-47DF-8E1A-CCA11C5CB19A}
		{6B79407B-D05F-49EB-8AA8-5BA1A5AD273C} = {7B9A3A9F-212F-47DF-8E1A-CCA11C5CB19A}
		{C0671D57-7D85-4FB4-9D70-21DB8FE8A81A} = {00E8F7B5-C753-4EE4-BDF4-1BA7FBBF07C7}
		{01B3A561-8380-4ABD-BA6F-26ECFE69E493} = {4519F8E9-AB1A-4318-8193-A065A2BFF447}
		{CCEA816F-3D08-C147-CA33-E221DF10E774} = {72CD3EF5-4051-45B9-B788-A1244B47D6AB}
		{A0EAD6B3-639F-4301-8A74-E9B1EFF82CFE} = {02EA681E-C7D8-13C7-8484-4AC65E1B71E8}
		{FAAB147D-CF8C-4263-8072-9B6169870830} = {A0EAD6B3-639F-4301-8A74-E9B1EFF82CFE}
		{86507F2C-A586-459A-808E-1772279198B3} = {A0EAD6B3-639F-4301-8A74-E9B1EFF82CFE}
		{668BA91D-BD86-4DF2-9FAD-5D2F836086DA} = {A0EAD6B3-639F-4301-8A74-E9B1EFF82CFE}
		{3F5435A0-5618-452B-BA5F-66462D2A093F} = {A0EAD6B3-639F-4301-8A74-E9B1EFF82CFE}
		{67BD91DA-6A5C-44D2-8073-08271CD680DE} = {A0EAD6B3-639F-4301-8A74-E9B1EFF82CFE}
		{A6D02B8D-6545-4187-944F-F9B581A6764F} = {02EA681E-C7D8-13C7-8484-4AC65E1B71E8}
		{00AB565E-3B67-4706-A50C-C828BF45B9A6} = {A6D02B8D-6545-4187-944F-F9B581A6764F}
		{40E48A5F-7FD1-43AA-B59E-44D4428A075E} = {1A4AA39C-69DD-4B99-BE3E-285A57A9F74A}
		{661DE839-7A55-4D99-8F07-2CEC8D7E2C46} = {1A4AA39C-69DD-4B99-BE3E-285A57A9F74A}
		{928963B0-686A-4D0A-BD00-18BD5A55CBD8} = {02EA681E-C7D8-13C7-8484-4AC65E1B71E8}
		{B18F0C9B-6384-4766-B191-43C3A1DC3903} = {928963B0-686A-4D0A-BD00-18BD5A55CBD8}
	EndGlobalSection
	GlobalSection(ExtensibilityGlobals) = postSolution
		SolutionGuid = {27E32F6B-151C-48B6-A6BA-16D08CDB4B08}
	EndGlobalSection
EndGlobal
